
Microsoft Visual Studio Solution File, Format Version 12.00
# Visual Studio 2012
Project("{FAE04EC0-301F-11D3-BF4B-00C04F79EFBC}") = "K12.Report.ZhuengtouPointsCompetition", "K12.Report.ZhuengtouPointsCompetition\K12.Report.ZhuengtouPointsCompetition.csproj", "{A70995DC-44A0-4AA7-91B9-D666A9CEDDDF}"
EndProject
Global
	GlobalSection(SolutionConfigurationPlatforms) = preSolution
		Debug|Any CPU = Debug|Any CPU
		Release|Any CPU = Release|Any CPU
	EndGlobalSection
	GlobalSection(ProjectConfigurationPlatforms) = postSolution
		{A70995DC-44A0-4AA7-91B9-D666A9CEDDDF}.Debug|Any CPU.ActiveCfg = Debug|Any CPU
		{A70995DC-44A0-4AA7-91B9-D666A9CEDDDF}.Debug|Any CPU.Build.0 = Debug|Any CPU
		{A70995DC-44A0-4AA7-91B9-D666A9CEDDDF}.Release|Any CPU.ActiveCfg = Release|Any CPU
		{A70995DC-44A0-4AA7-91B9-D666A9CEDDDF}.Release|Any CPU.Build.0 = Release|Any CPU
	EndGlobalSection
	GlobalSection(SolutionProperties) = preSolution
		HideSolutionNode = FALSE
	EndGlobalSection
EndGlobal
